
Microsoft Visual Studio Solution File, Format Version 12.00
# Visual Studio Version 17
VisualStudioVersion = 17.14.36623.8 d17.14
MinimumVisualStudioVersion = 10.0.40219.1
Project("{FAE04EC0-301F-11D3-BF4B-00C04F79EFBC}") = "pr4", "pr4\pr4.csproj", "{EDB76F59-A888-4A5C-A5A7-F869F1203055}"
EndProject
Global
	GlobalSection(SolutionConfigurationPlatforms) = preSolution
		Debug|Any CPU = Debug|Any CPU
		Release|Any CPU = Release|Any CPU
	EndGlobalSection
	GlobalSection(ProjectConfigurationPlatforms) = postSolution
		{EDB76F59-A888-4A5C-A5A7-F869F1203055}.Debug|Any CPU.ActiveCfg = Debug|Any CPU
		{EDB76F59-A888-4A5C-A5A7-F869F1203055}.Debug|Any CPU.Build.0 = Debug|Any CPU
		{EDB76F59-A888-4A5C-A5A7-F869F1203055}.Release|Any CPU.ActiveCfg = Release|Any CPU
		{EDB76F59-A888-4A5C-A5A7-F869F1203055}.Release|Any CPU.Build.0 = Release|Any CPU
	EndGlobalSection
	GlobalSection(SolutionProperties) = preSolution
		HideSolutionNode = FALSE
	EndGlobalSection
	GlobalSection(ExtensibilityGlobals) = postSolution
		SolutionGuid = {14950C95-A173-43E9-A98A-EE19475D6DE4}
	EndGlobalSection
EndGlobal
